
Microsoft Visual Studio Solution File, Format Version 12.00
# Visual Studio 15
VisualStudioVersion = 15.0.28307.438
MinimumVisualStudioVersion = 10.0.40219.1
Project("{FAE04EC0-301F-11D3-BF4B-00C04F79EFBC}") = "GDIpractice", "GDIpractice\GDIpractice.csproj", "{3CFD89AC-8746-40E6-8362-544F4138775C}"
EndProject
Global
	GlobalSection(SolutionConfigurationPlatforms) = preSolution
		Debug|Any CPU = Debug|Any CPU
		Release|Any CPU = Release|Any CPU
	EndGlobalSection
	GlobalSection(ProjectConfigurationPlatforms) = postSolution
		{3CFD89AC-8746-40E6-8362-544F4138775C}.Debug|Any CPU.ActiveCfg = Debug|Any CPU
		{3CFD89AC-8746-40E6-8362-544F4138775C}.Debug|Any CPU.Build.0 = Debug|Any CPU
		{3CFD89AC-8746-40E6-8362-544F4138775C}.Release|Any CPU.ActiveCfg = Release|Any CPU
		{3CFD89AC-8746-40E6-8362-544F4138775C}.Release|Any CPU.Build.0 = Release|Any CPU
	EndGlobalSection
	GlobalSection(SolutionProperties) = preSolution
		HideSolutionNode = FALSE
	EndGlobalSection
	GlobalSection(ExtensibilityGlobals) = postSolution
		SolutionGuid = {CE93EE7B-E3A8-4296-BECC-C10315DDB52D}
	EndGlobalSection
EndGlobal
