
Microsoft Visual Studio Solution File, Format Version 12.00
# Visual Studio 15
VisualStudioVersion = 15.0.28307.438
MinimumVisualStudioVersion = 10.0.40219.1
Project("{FAE04EC0-301F-11D3-BF4B-00C04F79EFBC}") = "PolygonWinProj", "PolygonWinProj\PolygonWinProj.csproj", "{2695B7A5-573D-4425-ACDA-52F7F32BB0BE}"
EndProject
Global
	GlobalSection(SolutionConfigurationPlatforms) = preSolution
		Debug|Any CPU = Debug|Any CPU
		Release|Any CPU = Release|Any CPU
	EndGlobalSection
	GlobalSection(ProjectConfigurationPlatforms) = postSolution
		{2695B7A5-573D-4425-ACDA-52F7F32BB0BE}.Debug|Any CPU.ActiveCfg = Debug|Any CPU
		{2695B7A5-573D-4425-ACDA-52F7F32BB0BE}.Debug|Any CPU.Build.0 = Debug|Any CPU
		{2695B7A5-573D-4425-ACDA-52F7F32BB0BE}.Release|Any CPU.ActiveCfg = Release|Any CPU
		{2695B7A5-573D-4425-ACDA-52F7F32BB0BE}.Release|Any CPU.Build.0 = Release|Any CPU
	EndGlobalSection
	GlobalSection(SolutionProperties) = preSolution
		HideSolutionNode = FALSE
	EndGlobalSection
	GlobalSection(ExtensibilityGlobals) = postSolution
		SolutionGuid = {F163D763-9DA9-475F-9613-92BD1CA1E094}
	EndGlobalSection
EndGlobal
